
Microsoft Visual Studio Solution File, Format Version 12.00
# Visual Studio Version 17
VisualStudioVersion = 17.8.34601.278
MinimumVisualStudioVersion = 10.0.40219.1
Project("{2150E333-8FDC-42A3-9474-1A3956D46DE8}") = "Solution Items", "Solution Items", "{12712311-8B69-4698-AF35-947483832003}"
	ProjectSection(SolutionItems) = preProject
		.editorconfig = .editorconfig
		.gitignore = .gitignore
		.github\workflows\dotnet.yml = .github\workflows\dotnet.yml
		LICENSE = LICENSE
		docs\README.md = docs\README.md
	EndProjectSection
EndProject
Project("{9A19103F-16F7-4668-BE54-9A1E7A4F7556}") = "EnumConstraints.Fody", "src\EnumConstraints.Fody\EnumConstraints.Fody.csproj", "{C563D4BE-6991-4D74-A070-706507193E0D}"
EndProject
Project("{9A19103F-16F7-4668-BE54-9A1E7A4F7556}") = "EnumConstraints.Fody.Tests", "tests\EnumConstraints.Fody.Tests\EnumConstraints.Fody.Tests.csproj", "{8C70ECC9-F695-4729-8A51-0BE2F71198D7}"
EndProject
Project("{9A19103F-16F7-4668-BE54-9A1E7A4F7556}") = "AssemblyToProcess", "tests\AssemblyToProcess\AssemblyToProcess.csproj", "{97F1053A-9521-4EEF-A48D-76FEFCDC6D3C}"
EndProject
Project("{9A19103F-16F7-4668-BE54-9A1E7A4F7556}") = "AssemblyToProcess.Extensions", "tests\AssemblyToProcess.Extensions\AssemblyToProcess.Extensions.csproj", "{5EF8D540-F533-47F2-AAC0-50E1F2D1A76E}"
EndProject
Project("{9A19103F-16F7-4668-BE54-9A1E7A4F7556}") = "EnumConstraints", "src\EnumConstraints\EnumConstraints.csproj", "{B3A34F26-765F-4114-AA8A-D6C91FFB2D8D}"
EndProject
Global
	GlobalSection(SolutionConfigurationPlatforms) = preSolution
		Debug|Any CPU = Debug|Any CPU
		Release|Any CPU = Release|Any CPU
	EndGlobalSection
	GlobalSection(ProjectConfigurationPlatforms) = postSolution
		{C563D4BE-6991-4D74-A070-706507193E0D}.Debug|Any CPU.ActiveCfg = Debug|Any CPU
		{C563D4BE-6991-4D74-A070-706507193E0D}.Debug|Any CPU.Build.0 = Debug|Any CPU
		{C563D4BE-6991-4D74-A070-706507193E0D}.Release|Any CPU.ActiveCfg = Release|Any CPU
		{C563D4BE-6991-4D74-A070-706507193E0D}.Release|Any CPU.Build.0 = Release|Any CPU
		{8C70ECC9-F695-4729-8A51-0BE2F71198D7}.Debug|Any CPU.ActiveCfg = Debug|Any CPU
		{8C70ECC9-F695-4729-8A51-0BE2F71198D7}.Debug|Any CPU.Build.0 = Debug|Any CPU
		{8C70ECC9-F695-4729-8A51-0BE2F71198D7}.Release|Any CPU.ActiveCfg = Release|Any CPU
		{8C70ECC9-F695-4729-8A51-0BE2F71198D7}.Release|Any CPU.Build.0 = Release|Any CPU
		{97F1053A-9521-4EEF-A48D-76FEFCDC6D3C}.Debug|Any CPU.ActiveCfg = Debug|Any CPU
		{97F1053A-9521-4EEF-A48D-76FEFCDC6D3C}.Debug|Any CPU.Build.0 = Debug|Any CPU
		{97F1053A-9521-4EEF-A48D-76FEFCDC6D3C}.Release|Any CPU.ActiveCfg = Release|Any CPU
		{97F1053A-9521-4EEF-A48D-76FEFCDC6D3C}.Release|Any CPU.Build.0 = Release|Any CPU
		{5EF8D540-F533-47F2-AAC0-50E1F2D1A76E}.Debug|Any CPU.ActiveCfg = Debug|Any CPU
		{5EF8D540-F533-47F2-AAC0-50E1F2D1A76E}.Debug|Any CPU.Build.0 = Debug|Any CPU
		{5EF8D540-F533-47F2-AAC0-50E1F2D1A76E}.Release|Any CPU.ActiveCfg = Release|Any CPU
		{5EF8D540-F533-47F2-AAC0-50E1F2D1A76E}.Release|Any CPU.Build.0 = Release|Any CPU
		{B3A34F26-765F-4114-AA8A-D6C91FFB2D8D}.Debug|Any CPU.ActiveCfg = Debug|Any CPU
		{B3A34F26-765F-4114-AA8A-D6C91FFB2D8D}.Debug|Any CPU.Build.0 = Debug|Any CPU
		{B3A34F26-765F-4114-AA8A-D6C91FFB2D8D}.Release|Any CPU.ActiveCfg = Release|Any CPU
		{B3A34F26-765F-4114-AA8A-D6C91FFB2D8D}.Release|Any CPU.Build.0 = Release|Any CPU
	EndGlobalSection
	GlobalSection(SolutionProperties) = preSolution
		HideSolutionNode = FALSE
	EndGlobalSection
	GlobalSection(ExtensibilityGlobals) = postSolution
		SolutionGuid = {E5F9EA79-FFFE-4D9C-9800-2C2DD547F5B4}
	EndGlobalSection
EndGlobal
